{
  "object": {
    "pins": [
      {
        "package": "Alamofire",
        "repositoryURL": "https://github.com/Alamofire/Alamofire.git",
        "state": {
          "branch": null,
          "revision": "f96b619bcb2383b43d898402283924b80e2c4bae",
          "version": "5.4.3"
        }
      },
      {
        "package": "BSImagePicker",
        "repositoryURL": "https://github.com/mikaoj/BSImagePicker.git",
        "state": {
          "branch": null,
          "revision": "750f26abd0fafbcc4124adef436251888a7c962a",
          "version": "3.3.1"
        }
      },
      {
        "package": "URLImage",
        "repositoryURL": "https://github.com/dmytro-anokhin/url-image",
        "state": {
          "branch": null,
          "revision": "c1a906515b0a440927b96204b778058871b22f23",
          "version": "2.2.3"
        }
      }
    ]
  },
  "version": 1
}
