{
  "object": {
    "pins": [
      {
        "package": "NavigationStack",
        "repositoryURL": "https://github.com/matteopuc/swiftui-navigation-stack.git",
        "state": {
          "branch": null,
          "revision": "061b1b5a8356ce42d50418992ab22b5eec9bb9c3",
          "version": "1.0.2"
        }
      },
      {
        "package": "XNavigation",
        "repositoryURL": "https://github.com/DoubleSymmetry/XNavigation.git",
        "state": {
          "branch": null,
          "revision": "b71f699e8d215cdf509bfc05bcf2acc2579f1b49",
          "version": "0.0.5"
        }
      }
    ]
  },
  "version": 1
}
